Microsoft Visual Studio Solution File, Format Version 12.00
# Visual Studio Version 16
VisualStudioVersion = 16.0.28516.95
MinimumVisualStudioVersion = 10.0.40219.1
Project("{9A19103F-16F7-4668-BE54-9A1E7A4F7556}") = "iTunes.Editor.Core", "iTunes.Editor.Core\iTunes.Editor.Core.csproj", "{900531F2-E779-40E7-A317-3A258DC47EE5}"
EndProject
Project("{9A19103F-16F7-4668-BE54-9A1E7A4F7556}") = "iTunes.Editor.Console", "iTunes.Editor.Console\iTunes.Editor.Console.csproj", "{93FF4281-1D9A-4B57-9F15-A101B3CD5444}"
EndProject
Project("{9A19103F-16F7-4668-BE54-9A1E7A4F7556}") = "iTunes.Editor.DependencyInjection", "iTunes.Editor.DependencyInjection\iTunes.Editor.DependencyInjection.csproj", "{69F5B6DF-5D1B-4054-A03C-0A829E701178}"
EndProject
Project("{9A19103F-16F7-4668-BE54-9A1E7A4F7556}") = "iTunes.Editor.iPod", "iTunes.Editor.iPod\iTunes.Editor.iPod.csproj", "{1649C70D-5030-42E1-8539-26EE1255A9B4}"
EndProject
Project("{9A19103F-16F7-4668-BE54-9A1E7A4F7556}") = "iTunes.Editor.iTunesLib", "iTunes.Editor.iTunesLib\iTunes.Editor.iTunesLib.csproj", "{F40C5C90-2D88-4026-AF64-A069C89C9031}"
EndProject
Project("{9A19103F-16F7-4668-BE54-9A1E7A4F7556}") = "iTunes.Editor.Core.Tests", "iTunes.Editor.Core.Tests\iTunes.Editor.Core.Tests.csproj", "{86EE8F7A-BB2E-4DA4-AE24-2CA1C3543CA8}"
EndProject
Project("{9A19103F-16F7-4668-BE54-9A1E7A4F7556}") = "iTunes.Editor.Wpf", "iTunes.Editor.Wpf\iTunes.Editor.Wpf.csproj", "{35A87F50-944F-4F67-8C21-CCFA5ED40F43}"
EndProject
Project("{9A19103F-16F7-4668-BE54-9A1E7A4F7556}") = "iTunes.Editor.UI", "iTunes.Editor.UI\iTunes.Editor.UI.csproj", "{06489080-ECBC-45B0-A9C9-E42A8E438112}"
EndProject
Project("{9A19103F-16F7-4668-BE54-9A1E7A4F7556}") = "iTunes.Editor.MediaInfo", "iTunes.Editor.MediaInfo\iTunes.Editor.MediaInfo.csproj", "{BCBCC8FD-F917-4C60-A84B-EEA24B341145}"
EndProject
Project("{9A19103F-16F7-4668-BE54-9A1E7A4F7556}") = "iTunes.Editor.Avalonia", "iTunes.Editor.Avalonia\iTunes.Editor.Avalonia.csproj", "{699BDC41-AD71-4EFC-A695-1B048852BBEF}"
EndProject
Project("{9A19103F-16F7-4668-BE54-9A1E7A4F7556}") = "iTunes.Editor.ChartLyrics", "iTunes.Editor.ChartLyrics\iTunes.Editor.ChartLyrics.csproj", "{955075BB-85A8-4C4E-AEE0-2163CA27A858}"
EndProject
Project("{2150E333-8FDC-42A3-9474-1A3956D46DE8}") = "Lyrics", "Lyrics", "{7400F270-F7FD-41B3-871D-9D16D4C02975}"
EndProject
Project("{9A19103F-16F7-4668-BE54-9A1E7A4F7556}") = "iTunes.Editor.ApiSeeds", "iTunes.Editor.ApiSeeds\iTunes.Editor.ApiSeeds.csproj", "{21368456-141D-4E55-85D1-D596B9DF22E6}"
EndProject
Project("{9A19103F-16F7-4668-BE54-9A1E7A4F7556}") = "iTunes.Editor.PurgoMalum", "iTunes.Editor.PurgoMalum\iTunes.Editor.PurgoMalum.csproj", "{AC165BB4-B1AD-4CFE-9A40-0104026F09F8}"
EndProject
Project("{2150E333-8FDC-42A3-9474-1A3956D46DE8}") = "Solution Items", "Solution Items", "{D10B86DD-137D-4B1E-8014-DD4CE4E152A1}"
	ProjectSection(SolutionItems) = preProject
		.editorconfig = .editorconfig
		.globalconfig = .globalconfig
		Directory.Build.props = Directory.Build.props
		nuget.config = nuget.config
		Settings.XamlStyler = Settings.XamlStyler
		stylecop.json = stylecop.json
	EndProjectSection
EndProject
Project("{9A19103F-16F7-4668-BE54-9A1E7A4F7556}") = "iTunes.Editor.Lyrics.Genius", "iTunes.Editor.Lyrics.Genius\iTunes.Editor.Lyrics.Genius.csproj", "{25D793D0-9AC7-4EBF-AE5A-0D3CD22D47E1}"
EndProject
Project("{9A19103F-16F7-4668-BE54-9A1E7A4F7556}") = "iTunes.Editor.Lyrics.AZLyrics", "iTunes.Editor.Lyrics.AZLyrics\iTunes.Editor.Lyrics.AZLyrics.csproj", "{E79A4E99-F87D-45EA-95B7-181FFF5E226A}"
EndProject
Project("{9A19103F-16F7-4668-BE54-9A1E7A4F7556}") = "iTunes.Editor.Lyrics.Ovh", "iTunes.Editor.Lyrics.Ovh\iTunes.Editor.Lyrics.Ovh.csproj", "{1092FB9C-A4E4-47B0-9F22-18520CA0BB2A}"
EndProject
Project("{2150E333-8FDC-42A3-9474-1A3956D46DE8}") = "Composers", "Composers", "{80E86711-684D-49DB-BA5F-C2C915C7B590}"
EndProject
Project("{FAE04EC0-301F-11D3-BF4B-00C04F79EFBC}") = "iTunes.Editor.Composers.ApraAmcos", "iTunes.Editor.Composers.ApraAmcos\iTunes.Editor.Composers.ApraAmcos.csproj", "{D4595297-88F0-488E-AF2E-563DC84D5020}"
EndProject
Global
	GlobalSection(SolutionConfigurationPlatforms) = preSolution
		Debug|Any CPU = Debug|Any CPU
		Release|Any CPU = Release|Any CPU
	EndGlobalSection
	GlobalSection(ProjectConfigurationPlatforms) = postSolution
		{900531F2-E779-40E7-A317-3A258DC47EE5}.Debug|Any CPU.ActiveCfg = Debug|Any CPU
		{900531F2-E779-40E7-A317-3A258DC47EE5}.Debug|Any CPU.Build.0 = Debug|Any CPU
		{900531F2-E779-40E7-A317-3A258DC47EE5}.Release|Any CPU.ActiveCfg = Release|Any CPU
		{900531F2-E779-40E7-A317-3A258DC47EE5}.Release|Any CPU.Build.0 = Release|Any CPU
		{93FF4281-1D9A-4B57-9F15-A101B3CD5444}.Debug|Any CPU.ActiveCfg = Debug|Any CPU
		{93FF4281-1D9A-4B57-9F15-A101B3CD5444}.Debug|Any CPU.Build.0 = Debug|Any CPU
		{93FF4281-1D9A-4B57-9F15-A101B3CD5444}.Release|Any CPU.ActiveCfg = Release|Any CPU
		{93FF4281-1D9A-4B57-9F15-A101B3CD5444}.Release|Any CPU.Build.0 = Release|Any CPU
		{69F5B6DF-5D1B-4054-A03C-0A829E701178}.Debug|Any CPU.ActiveCfg = Debug|Any CPU
		{69F5B6DF-5D1B-4054-A03C-0A829E701178}.Debug|Any CPU.Build.0 = Debug|Any CPU
		{69F5B6DF-5D1B-4054-A03C-0A829E701178}.Release|Any CPU.ActiveCfg = Release|Any CPU
		{69F5B6DF-5D1B-4054-A03C-0A829E701178}.Release|Any CPU.Build.0 = Release|Any CPU
		{1649C70D-5030-42E1-8539-26EE1255A9B4}.Debug|Any CPU.ActiveCfg = Debug|Any CPU
		{1649C70D-5030-42E1-8539-26EE1255A9B4}.Debug|Any CPU.Build.0 = Debug|Any CPU
		{1649C70D-5030-42E1-8539-26EE1255A9B4}.Release|Any CPU.ActiveCfg = Release|Any CPU
		{1649C70D-5030-42E1-8539-26EE1255A9B4}.Release|Any CPU.Build.0 = Release|Any CPU
		{F40C5C90-2D88-4026-AF64-A069C89C9031}.Debug|Any CPU.ActiveCfg = Debug|Any CPU
		{F40C5C90-2D88-4026-AF64-A069C89C9031}.Debug|Any CPU.Build.0 = Debug|Any CPU
		{F40C5C90-2D88-4026-AF64-A069C89C9031}.Release|Any CPU.ActiveCfg = Release|Any CPU
		{F40C5C90-2D88-4026-AF64-A069C89C9031}.Release|Any CPU.Build.0 = Release|Any CPU
		{86EE8F7A-BB2E-4DA4-AE24-2CA1C3543CA8}.Debug|Any CPU.ActiveCfg = Debug|Any CPU
		{86EE8F7A-BB2E-4DA4-AE24-2CA1C3543CA8}.Debug|Any CPU.Build.0 = Debug|Any CPU
		{86EE8F7A-BB2E-4DA4-AE24-2CA1C3543CA8}.Release|Any CPU.ActiveCfg = Release|Any CPU
		{86EE8F7A-BB2E-4DA4-AE24-2CA1C3543CA8}.Release|Any CPU.Build.0 = Release|Any CPU
		{35A87F50-944F-4F67-8C21-CCFA5ED40F43}.Debug|Any CPU.ActiveCfg = Debug|Any CPU
		{35A87F50-944F-4F67-8C21-CCFA5ED40F43}.Debug|Any CPU.Build.0 = Debug|Any CPU
		{35A87F50-944F-4F67-8C21-CCFA5ED40F43}.Release|Any CPU.ActiveCfg = Release|Any CPU
		{35A87F50-944F-4F67-8C21-CCFA5ED40F43}.Release|Any CPU.Build.0 = Release|Any CPU
		{06489080-ECBC-45B0-A9C9-E42A8E438112}.Debug|Any CPU.ActiveCfg = Debug|Any CPU
		{06489080-ECBC-45B0-A9C9-E42A8E438112}.Debug|Any CPU.Build.0 = Debug|Any CPU
		{06489080-ECBC-45B0-A9C9-E42A8E438112}.Release|Any CPU.ActiveCfg = Release|Any CPU
		{06489080-ECBC-45B0-A9C9-E42A8E438112}.Release|Any CPU.Build.0 = Release|Any CPU
		{BCBCC8FD-F917-4C60-A84B-EEA24B341145}.Debug|Any CPU.ActiveCfg = Debug|Any CPU
		{BCBCC8FD-F917-4C60-A84B-EEA24B341145}.Debug|Any CPU.Build.0 = Debug|Any CPU
		{BCBCC8FD-F917-4C60-A84B-EEA24B341145}.Release|Any CPU.ActiveCfg = Release|Any CPU
		{BCBCC8FD-F917-4C60-A84B-EEA24B341145}.Release|Any CPU.Build.0 = Release|Any CPU
		{699BDC41-AD71-4EFC-A695-1B048852BBEF}.Debug|Any CPU.ActiveCfg = Debug|Any CPU
		{699BDC41-AD71-4EFC-A695-1B048852BBEF}.Debug|Any CPU.Build.0 = Debug|Any CPU
		{699BDC41-AD71-4EFC-A695-1B048852BBEF}.Release|Any CPU.ActiveCfg = Release|Any CPU
		{699BDC41-AD71-4EFC-A695-1B048852BBEF}.Release|Any CPU.Build.0 = Release|Any CPU
		{955075BB-85A8-4C4E-AEE0-2163CA27A858}.Debug|Any CPU.ActiveCfg = Debug|Any CPU
		{955075BB-85A8-4C4E-AEE0-2163CA27A858}.Debug|Any CPU.Build.0 = Debug|Any CPU
		{955075BB-85A8-4C4E-AEE0-2163CA27A858}.Release|Any CPU.ActiveCfg = Release|Any CPU
		{955075BB-85A8-4C4E-AEE0-2163CA27A858}.Release|Any CPU.Build.0 = Release|Any CPU
		{21368456-141D-4E55-85D1-D596B9DF22E6}.Debug|Any CPU.ActiveCfg = Debug|Any CPU
		{21368456-141D-4E55-85D1-D596B9DF22E6}.Debug|Any CPU.Build.0 = Debug|Any CPU
		{21368456-141D-4E55-85D1-D596B9DF22E6}.Release|Any CPU.ActiveCfg = Release|Any CPU
		{21368456-141D-4E55-85D1-D596B9DF22E6}.Release|Any CPU.Build.0 = Release|Any CPU
		{AC165BB4-B1AD-4CFE-9A40-0104026F09F8}.Debug|Any CPU.ActiveCfg = Debug|Any CPU
		{AC165BB4-B1AD-4CFE-9A40-0104026F09F8}.Debug|Any CPU.Build.0 = Debug|Any CPU
		{AC165BB4-B1AD-4CFE-9A40-0104026F09F8}.Release|Any CPU.ActiveCfg = Release|Any CPU
		{AC165BB4-B1AD-4CFE-9A40-0104026F09F8}.Release|Any CPU.Build.0 = Release|Any CPU
		{25D793D0-9AC7-4EBF-AE5A-0D3CD22D47E1}.Debug|Any CPU.ActiveCfg = Debug|Any CPU
		{25D793D0-9AC7-4EBF-AE5A-0D3CD22D47E1}.Debug|Any CPU.Build.0 = Debug|Any CPU
		{25D793D0-9AC7-4EBF-AE5A-0D3CD22D47E1}.Release|Any CPU.ActiveCfg = Release|Any CPU
		{25D793D0-9AC7-4EBF-AE5A-0D3CD22D47E1}.Release|Any CPU.Build.0 = Release|Any CPU
		{E79A4E99-F87D-45EA-95B7-181FFF5E226A}.Debug|Any CPU.ActiveCfg = Debug|Any CPU
		{E79A4E99-F87D-45EA-95B7-181FFF5E226A}.Debug|Any CPU.Build.0 = Debug|Any CPU
		{E79A4E99-F87D-45EA-95B7-181FFF5E226A}.Release|Any CPU.ActiveCfg = Release|Any CPU
		{E79A4E99-F87D-45EA-95B7-181FFF5E226A}.Release|Any CPU.Build.0 = Release|Any CPU
		{1092FB9C-A4E4-47B0-9F22-18520CA0BB2A}.Debug|Any CPU.ActiveCfg = Debug|Any CPU
		{1092FB9C-A4E4-47B0-9F22-18520CA0BB2A}.Debug|Any CPU.Build.0 = Debug|Any CPU
		{1092FB9C-A4E4-47B0-9F22-18520CA0BB2A}.Release|Any CPU.ActiveCfg = Release|Any CPU
		{1092FB9C-A4E4-47B0-9F22-18520CA0BB2A}.Release|Any CPU.Build.0 = Release|Any CPU
		{D4595297-88F0-488E-AF2E-563DC84D5020}.Debug|Any CPU.ActiveCfg = Debug|Any CPU
		{D4595297-88F0-488E-AF2E-563DC84D5020}.Debug|Any CPU.Build.0 = Debug|Any CPU
		{D4595297-88F0-488E-AF2E-563DC84D5020}.Release|Any CPU.ActiveCfg = Release|Any CPU
		{D4595297-88F0-488E-AF2E-563DC84D5020}.Release|Any CPU.Build.0 = Release|Any CPU
	EndGlobalSection
	GlobalSection(SolutionProperties) = preSolution
		HideSolutionNode = FALSE
	EndGlobalSection
	GlobalSection(NestedProjects) = preSolution
		{955075BB-85A8-4C4E-AEE0-2163CA27A858} = {7400F270-F7FD-41B3-871D-9D16D4C02975}
		{21368456-141D-4E55-85D1-D596B9DF22E6} = {7400F270-F7FD-41B3-871D-9D16D4C02975}
		{AC165BB4-B1AD-4CFE-9A40-0104026F09F8} = {7400F270-F7FD-41B3-871D-9D16D4C02975}
		{25D793D0-9AC7-4EBF-AE5A-0D3CD22D47E1} = {7400F270-F7FD-41B3-871D-9D16D4C02975}
		{E79A4E99-F87D-45EA-95B7-181FFF5E226A} = {7400F270-F7FD-41B3-871D-9D16D4C02975}
		{1092FB9C-A4E4-47B0-9F22-18520CA0BB2A} = {7400F270-F7FD-41B3-871D-9D16D4C02975}
		{D4595297-88F0-488E-AF2E-563DC84D5020} = {80E86711-684D-49DB-BA5F-C2C915C7B590}
	EndGlobalSection
	GlobalSection(ExtensibilityGlobals) = postSolution
		SolutionGuid = {07F60490-1F3A-46BF-AE07-3429AF63033A}
	EndGlobalSection
EndGlobal
