
Microsoft Visual Studio Solution File, Format Version 12.00
# Visual Studio 15
VisualStudioVersion = 15.0.27130.2026
MinimumVisualStudioVersion = 10.0.40219.1
Project("{9A19103F-16F7-4668-BE54-9A1E7A4F7556}") = "iTunes.Editor.Core", "iTunes.Editor.Core\iTunes.Editor.Core.csproj", "{900531F2-E779-40E7-A317-3A258DC47EE5}"
EndProject
Project("{9A19103F-16F7-4668-BE54-9A1E7A4F7556}") = "iTunes.Editor.Console", "iTunes.Editor.Console\iTunes.Editor.Console.csproj", "{93FF4281-1D9A-4B57-9F15-A101B3CD5444}"
EndProject
Project("{9A19103F-16F7-4668-BE54-9A1E7A4F7556}") = "Ninject.Extensions.iTunes.Editor", "Ninject.Extensions.iTunes.Editor\Ninject.Extensions.iTunes.Editor.csproj", "{A2C987D3-5CA8-4291-BD28-33D92C4114D2}"
EndProject
Project("{9A19103F-16F7-4668-BE54-9A1E7A4F7556}") = "iTunes.Editor.iPod", "iTunes.Editor.iPod\iTunes.Editor.iPod.csproj", "{1649C70D-5030-42E1-8539-26EE1255A9B4}"
EndProject
Project("{FAE04EC0-301F-11D3-BF4B-00C04F79EFBC}") = "iTunes.Editor.Uwp", "iTunes.Editor.Uwp\iTunes.Editor.Uwp.csproj", "{B996EA74-C02E-4A10-BAC8-C2C4E07B3DBB}"
EndProject
Project("{9A19103F-16F7-4668-BE54-9A1E7A4F7556}") = "iTunes.Editor.Lyrics.Wikia", "iTunes.Editor.Lyrics.Wikia\iTunes.Editor.Lyrics.Wikia.csproj", "{74EFBC13-6907-4DA4-A20B-000967D0866F}"
EndProject
Project("{9A19103F-16F7-4668-BE54-9A1E7A4F7556}") = "iTunes.Editor.iTunesLib", "iTunes.Editor.iTunesLib\iTunes.Editor.iTunesLib.csproj", "{F40C5C90-2D88-4026-AF64-A069C89C9031}"
EndProject
Project("{9A19103F-16F7-4668-BE54-9A1E7A4F7556}") = "iTunes.Editor.Core.Tests", "iTunes.Editor.Core.Tests\iTunes.Editor.Core.Tests.csproj", "{86EE8F7A-BB2E-4DA4-AE24-2CA1C3543CA8}"
EndProject
Project("{9A19103F-16F7-4668-BE54-9A1E7A4F7556}") = "iTunes.Editor.Wpf", "iTunes.Editor.Wpf\iTunes.Editor.Wpf.csproj", "{35A87F50-944F-4F67-8C21-CCFA5ED40F43}"
EndProject
Project("{9A19103F-16F7-4668-BE54-9A1E7A4F7556}") = "iTunes.Editor.UI", "iTunes.Editor.UI\iTunes.Editor.UI.csproj", "{06489080-ECBC-45B0-A9C9-E42A8E438112}"
EndProject
Project("{9A19103F-16F7-4668-BE54-9A1E7A4F7556}") = "iTunes.Editor.MediaInfo", "iTunes.Editor.MediaInfo\iTunes.Editor.MediaInfo.csproj", "{BCBCC8FD-F917-4C60-A84B-EEA24B341145}"
EndProject
Project("{FAE04EC0-301F-11D3-BF4B-00C04F79EFBC}") = "iTunes.Editor.Avalonia", "iTunes.Editor.Avalonia\iTunes.Editor.Avalonia.csproj", "{699BDC41-AD71-4EFC-A695-1B048852BBEF}"
EndProject
Global
	GlobalSection(SolutionConfigurationPlatforms) = preSolution
		Debug|Any CPU = Debug|Any CPU
		Debug|ARM = Debug|ARM
		Debug|x64 = Debug|x64
		Debug|x86 = Debug|x86
		Release|Any CPU = Release|Any CPU
		Release|ARM = Release|ARM
		Release|x64 = Release|x64
		Release|x86 = Release|x86
	EndGlobalSection
	GlobalSection(ProjectConfigurationPlatforms) = postSolution
		{900531F2-E779-40E7-A317-3A258DC47EE5}.Debug|Any CPU.ActiveCfg = Debug|Any CPU
		{900531F2-E779-40E7-A317-3A258DC47EE5}.Debug|Any CPU.Build.0 = Debug|Any CPU
		{900531F2-E779-40E7-A317-3A258DC47EE5}.Debug|ARM.ActiveCfg = Debug|Any CPU
		{900531F2-E779-40E7-A317-3A258DC47EE5}.Debug|ARM.Build.0 = Debug|Any CPU
		{900531F2-E779-40E7-A317-3A258DC47EE5}.Debug|x64.ActiveCfg = Debug|Any CPU
		{900531F2-E779-40E7-A317-3A258DC47EE5}.Debug|x64.Build.0 = Debug|Any CPU
		{900531F2-E779-40E7-A317-3A258DC47EE5}.Debug|x86.ActiveCfg = Debug|Any CPU
		{900531F2-E779-40E7-A317-3A258DC47EE5}.Debug|x86.Build.0 = Debug|Any CPU
		{900531F2-E779-40E7-A317-3A258DC47EE5}.Release|Any CPU.ActiveCfg = Release|Any CPU
		{900531F2-E779-40E7-A317-3A258DC47EE5}.Release|Any CPU.Build.0 = Release|Any CPU
		{900531F2-E779-40E7-A317-3A258DC47EE5}.Release|ARM.ActiveCfg = Release|Any CPU
		{900531F2-E779-40E7-A317-3A258DC47EE5}.Release|ARM.Build.0 = Release|Any CPU
		{900531F2-E779-40E7-A317-3A258DC47EE5}.Release|x64.ActiveCfg = Release|Any CPU
		{900531F2-E779-40E7-A317-3A258DC47EE5}.Release|x64.Build.0 = Release|Any CPU
		{900531F2-E779-40E7-A317-3A258DC47EE5}.Release|x86.ActiveCfg = Release|Any CPU
		{900531F2-E779-40E7-A317-3A258DC47EE5}.Release|x86.Build.0 = Release|Any CPU
		{93FF4281-1D9A-4B57-9F15-A101B3CD5444}.Debug|Any CPU.ActiveCfg = Debug|Any CPU
		{93FF4281-1D9A-4B57-9F15-A101B3CD5444}.Debug|Any CPU.Build.0 = Debug|Any CPU
		{93FF4281-1D9A-4B57-9F15-A101B3CD5444}.Debug|ARM.ActiveCfg = Debug|Any CPU
		{93FF4281-1D9A-4B57-9F15-A101B3CD5444}.Debug|ARM.Build.0 = Debug|Any CPU
		{93FF4281-1D9A-4B57-9F15-A101B3CD5444}.Debug|x64.ActiveCfg = Debug|Any CPU
		{93FF4281-1D9A-4B57-9F15-A101B3CD5444}.Debug|x64.Build.0 = Debug|Any CPU
		{93FF4281-1D9A-4B57-9F15-A101B3CD5444}.Debug|x86.ActiveCfg = Debug|Any CPU
		{93FF4281-1D9A-4B57-9F15-A101B3CD5444}.Debug|x86.Build.0 = Debug|Any CPU
		{93FF4281-1D9A-4B57-9F15-A101B3CD5444}.Release|Any CPU.ActiveCfg = Release|Any CPU
		{93FF4281-1D9A-4B57-9F15-A101B3CD5444}.Release|Any CPU.Build.0 = Release|Any CPU
		{93FF4281-1D9A-4B57-9F15-A101B3CD5444}.Release|ARM.ActiveCfg = Release|Any CPU
		{93FF4281-1D9A-4B57-9F15-A101B3CD5444}.Release|ARM.Build.0 = Release|Any CPU
		{93FF4281-1D9A-4B57-9F15-A101B3CD5444}.Release|x64.ActiveCfg = Release|Any CPU
		{93FF4281-1D9A-4B57-9F15-A101B3CD5444}.Release|x64.Build.0 = Release|Any CPU
		{93FF4281-1D9A-4B57-9F15-A101B3CD5444}.Release|x86.ActiveCfg = Release|Any CPU
		{93FF4281-1D9A-4B57-9F15-A101B3CD5444}.Release|x86.Build.0 = Release|Any CPU
		{A2C987D3-5CA8-4291-BD28-33D92C4114D2}.Debug|Any CPU.ActiveCfg = Debug|Any CPU
		{A2C987D3-5CA8-4291-BD28-33D92C4114D2}.Debug|Any CPU.Build.0 = Debug|Any CPU
		{A2C987D3-5CA8-4291-BD28-33D92C4114D2}.Debug|ARM.ActiveCfg = Debug|Any CPU
		{A2C987D3-5CA8-4291-BD28-33D92C4114D2}.Debug|ARM.Build.0 = Debug|Any CPU
		{A2C987D3-5CA8-4291-BD28-33D92C4114D2}.Debug|x64.ActiveCfg = Debug|Any CPU
		{A2C987D3-5CA8-4291-BD28-33D92C4114D2}.Debug|x64.Build.0 = Debug|Any CPU
		{A2C987D3-5CA8-4291-BD28-33D92C4114D2}.Debug|x86.ActiveCfg = Debug|Any CPU
		{A2C987D3-5CA8-4291-BD28-33D92C4114D2}.Debug|x86.Build.0 = Debug|Any CPU
		{A2C987D3-5CA8-4291-BD28-33D92C4114D2}.Release|Any CPU.ActiveCfg = Release|Any CPU
		{A2C987D3-5CA8-4291-BD28-33D92C4114D2}.Release|Any CPU.Build.0 = Release|Any CPU
		{A2C987D3-5CA8-4291-BD28-33D92C4114D2}.Release|ARM.ActiveCfg = Release|Any CPU
		{A2C987D3-5CA8-4291-BD28-33D92C4114D2}.Release|ARM.Build.0 = Release|Any CPU
		{A2C987D3-5CA8-4291-BD28-33D92C4114D2}.Release|x64.ActiveCfg = Release|Any CPU
		{A2C987D3-5CA8-4291-BD28-33D92C4114D2}.Release|x64.Build.0 = Release|Any CPU
		{A2C987D3-5CA8-4291-BD28-33D92C4114D2}.Release|x86.ActiveCfg = Release|Any CPU
		{A2C987D3-5CA8-4291-BD28-33D92C4114D2}.Release|x86.Build.0 = Release|Any CPU
		{1649C70D-5030-42E1-8539-26EE1255A9B4}.Debug|Any CPU.ActiveCfg = Debug|Any CPU
		{1649C70D-5030-42E1-8539-26EE1255A9B4}.Debug|Any CPU.Build.0 = Debug|Any CPU
		{1649C70D-5030-42E1-8539-26EE1255A9B4}.Debug|ARM.ActiveCfg = Debug|Any CPU
		{1649C70D-5030-42E1-8539-26EE1255A9B4}.Debug|ARM.Build.0 = Debug|Any CPU
		{1649C70D-5030-42E1-8539-26EE1255A9B4}.Debug|x64.ActiveCfg = Debug|Any CPU
		{1649C70D-5030-42E1-8539-26EE1255A9B4}.Debug|x64.Build.0 = Debug|Any CPU
		{1649C70D-5030-42E1-8539-26EE1255A9B4}.Debug|x86.ActiveCfg = Debug|Any CPU
		{1649C70D-5030-42E1-8539-26EE1255A9B4}.Debug|x86.Build.0 = Debug|Any CPU
		{1649C70D-5030-42E1-8539-26EE1255A9B4}.Release|Any CPU.ActiveCfg = Release|Any CPU
		{1649C70D-5030-42E1-8539-26EE1255A9B4}.Release|Any CPU.Build.0 = Release|Any CPU
		{1649C70D-5030-42E1-8539-26EE1255A9B4}.Release|ARM.ActiveCfg = Release|Any CPU
		{1649C70D-5030-42E1-8539-26EE1255A9B4}.Release|ARM.Build.0 = Release|Any CPU
		{1649C70D-5030-42E1-8539-26EE1255A9B4}.Release|x64.ActiveCfg = Release|Any CPU
		{1649C70D-5030-42E1-8539-26EE1255A9B4}.Release|x64.Build.0 = Release|Any CPU
		{1649C70D-5030-42E1-8539-26EE1255A9B4}.Release|x86.ActiveCfg = Release|Any CPU
		{1649C70D-5030-42E1-8539-26EE1255A9B4}.Release|x86.Build.0 = Release|Any CPU
		{B996EA74-C02E-4A10-BAC8-C2C4E07B3DBB}.Debug|Any CPU.ActiveCfg = Debug|x64
		{B996EA74-C02E-4A10-BAC8-C2C4E07B3DBB}.Debug|Any CPU.Build.0 = Debug|x64
		{B996EA74-C02E-4A10-BAC8-C2C4E07B3DBB}.Debug|Any CPU.Deploy.0 = Debug|x64
		{B996EA74-C02E-4A10-BAC8-C2C4E07B3DBB}.Debug|ARM.ActiveCfg = Debug|ARM
		{B996EA74-C02E-4A10-BAC8-C2C4E07B3DBB}.Debug|ARM.Build.0 = Debug|ARM
		{B996EA74-C02E-4A10-BAC8-C2C4E07B3DBB}.Debug|x64.ActiveCfg = Debug|x64
		{B996EA74-C02E-4A10-BAC8-C2C4E07B3DBB}.Debug|x64.Build.0 = Debug|x64
		{B996EA74-C02E-4A10-BAC8-C2C4E07B3DBB}.Debug|x86.ActiveCfg = Debug|x86
		{B996EA74-C02E-4A10-BAC8-C2C4E07B3DBB}.Debug|x86.Build.0 = Debug|x86
		{B996EA74-C02E-4A10-BAC8-C2C4E07B3DBB}.Release|Any CPU.ActiveCfg = Release|x64
		{B996EA74-C02E-4A10-BAC8-C2C4E07B3DBB}.Release|Any CPU.Build.0 = Release|x64
		{B996EA74-C02E-4A10-BAC8-C2C4E07B3DBB}.Release|ARM.ActiveCfg = Release|ARM
		{B996EA74-C02E-4A10-BAC8-C2C4E07B3DBB}.Release|ARM.Build.0 = Release|ARM
		{B996EA74-C02E-4A10-BAC8-C2C4E07B3DBB}.Release|ARM.Deploy.0 = Release|ARM
		{B996EA74-C02E-4A10-BAC8-C2C4E07B3DBB}.Release|x64.ActiveCfg = Release|x64
		{B996EA74-C02E-4A10-BAC8-C2C4E07B3DBB}.Release|x64.Build.0 = Release|x64
		{B996EA74-C02E-4A10-BAC8-C2C4E07B3DBB}.Release|x64.Deploy.0 = Release|x64
		{B996EA74-C02E-4A10-BAC8-C2C4E07B3DBB}.Release|x86.ActiveCfg = Release|x86
		{B996EA74-C02E-4A10-BAC8-C2C4E07B3DBB}.Release|x86.Build.0 = Release|x86
		{B996EA74-C02E-4A10-BAC8-C2C4E07B3DBB}.Release|x86.Deploy.0 = Release|x86
		{74EFBC13-6907-4DA4-A20B-000967D0866F}.Debug|Any CPU.ActiveCfg = Debug|Any CPU
		{74EFBC13-6907-4DA4-A20B-000967D0866F}.Debug|Any CPU.Build.0 = Debug|Any CPU
		{74EFBC13-6907-4DA4-A20B-000967D0866F}.Debug|ARM.ActiveCfg = Debug|Any CPU
		{74EFBC13-6907-4DA4-A20B-000967D0866F}.Debug|ARM.Build.0 = Debug|Any CPU
		{74EFBC13-6907-4DA4-A20B-000967D0866F}.Debug|x64.ActiveCfg = Debug|Any CPU
		{74EFBC13-6907-4DA4-A20B-000967D0866F}.Debug|x64.Build.0 = Debug|Any CPU
		{74EFBC13-6907-4DA4-A20B-000967D0866F}.Debug|x86.ActiveCfg = Debug|Any CPU
		{74EFBC13-6907-4DA4-A20B-000967D0866F}.Debug|x86.Build.0 = Debug|Any CPU
		{74EFBC13-6907-4DA4-A20B-000967D0866F}.Release|Any CPU.ActiveCfg = Release|Any CPU
		{74EFBC13-6907-4DA4-A20B-000967D0866F}.Release|Any CPU.Build.0 = Release|Any CPU
		{74EFBC13-6907-4DA4-A20B-000967D0866F}.Release|ARM.ActiveCfg = Release|Any CPU
		{74EFBC13-6907-4DA4-A20B-000967D0866F}.Release|ARM.Build.0 = Release|Any CPU
		{74EFBC13-6907-4DA4-A20B-000967D0866F}.Release|x64.ActiveCfg = Release|Any CPU
		{74EFBC13-6907-4DA4-A20B-000967D0866F}.Release|x64.Build.0 = Release|Any CPU
		{74EFBC13-6907-4DA4-A20B-000967D0866F}.Release|x86.ActiveCfg = Release|Any CPU
		{74EFBC13-6907-4DA4-A20B-000967D0866F}.Release|x86.Build.0 = Release|Any CPU
		{F40C5C90-2D88-4026-AF64-A069C89C9031}.Debug|Any CPU.ActiveCfg = Debug|Any CPU
		{F40C5C90-2D88-4026-AF64-A069C89C9031}.Debug|Any CPU.Build.0 = Debug|Any CPU
		{F40C5C90-2D88-4026-AF64-A069C89C9031}.Debug|ARM.ActiveCfg = Debug|Any CPU
		{F40C5C90-2D88-4026-AF64-A069C89C9031}.Debug|ARM.Build.0 = Debug|Any CPU
		{F40C5C90-2D88-4026-AF64-A069C89C9031}.Debug|x64.ActiveCfg = Debug|Any CPU
		{F40C5C90-2D88-4026-AF64-A069C89C9031}.Debug|x64.Build.0 = Debug|Any CPU
		{F40C5C90-2D88-4026-AF64-A069C89C9031}.Debug|x86.ActiveCfg = Debug|Any CPU
		{F40C5C90-2D88-4026-AF64-A069C89C9031}.Debug|x86.Build.0 = Debug|Any CPU
		{F40C5C90-2D88-4026-AF64-A069C89C9031}.Release|Any CPU.ActiveCfg = Release|Any CPU
		{F40C5C90-2D88-4026-AF64-A069C89C9031}.Release|Any CPU.Build.0 = Release|Any CPU
		{F40C5C90-2D88-4026-AF64-A069C89C9031}.Release|ARM.ActiveCfg = Release|Any CPU
		{F40C5C90-2D88-4026-AF64-A069C89C9031}.Release|ARM.Build.0 = Release|Any CPU
		{F40C5C90-2D88-4026-AF64-A069C89C9031}.Release|x64.ActiveCfg = Release|Any CPU
		{F40C5C90-2D88-4026-AF64-A069C89C9031}.Release|x64.Build.0 = Release|Any CPU
		{F40C5C90-2D88-4026-AF64-A069C89C9031}.Release|x86.ActiveCfg = Release|Any CPU
		{F40C5C90-2D88-4026-AF64-A069C89C9031}.Release|x86.Build.0 = Release|Any CPU
		{86EE8F7A-BB2E-4DA4-AE24-2CA1C3543CA8}.Debug|Any CPU.ActiveCfg = Debug|Any CPU
		{86EE8F7A-BB2E-4DA4-AE24-2CA1C3543CA8}.Debug|Any CPU.Build.0 = Debug|Any CPU
		{86EE8F7A-BB2E-4DA4-AE24-2CA1C3543CA8}.Debug|ARM.ActiveCfg = Debug|Any CPU
		{86EE8F7A-BB2E-4DA4-AE24-2CA1C3543CA8}.Debug|ARM.Build.0 = Debug|Any CPU
		{86EE8F7A-BB2E-4DA4-AE24-2CA1C3543CA8}.Debug|x64.ActiveCfg = Debug|Any CPU
		{86EE8F7A-BB2E-4DA4-AE24-2CA1C3543CA8}.Debug|x64.Build.0 = Debug|Any CPU
		{86EE8F7A-BB2E-4DA4-AE24-2CA1C3543CA8}.Debug|x86.ActiveCfg = Debug|Any CPU
		{86EE8F7A-BB2E-4DA4-AE24-2CA1C3543CA8}.Debug|x86.Build.0 = Debug|Any CPU
		{86EE8F7A-BB2E-4DA4-AE24-2CA1C3543CA8}.Release|Any CPU.ActiveCfg = Release|Any CPU
		{86EE8F7A-BB2E-4DA4-AE24-2CA1C3543CA8}.Release|Any CPU.Build.0 = Release|Any CPU
		{86EE8F7A-BB2E-4DA4-AE24-2CA1C3543CA8}.Release|ARM.ActiveCfg = Release|Any CPU
		{86EE8F7A-BB2E-4DA4-AE24-2CA1C3543CA8}.Release|ARM.Build.0 = Release|Any CPU
		{86EE8F7A-BB2E-4DA4-AE24-2CA1C3543CA8}.Release|x64.ActiveCfg = Release|Any CPU
		{86EE8F7A-BB2E-4DA4-AE24-2CA1C3543CA8}.Release|x64.Build.0 = Release|Any CPU
		{86EE8F7A-BB2E-4DA4-AE24-2CA1C3543CA8}.Release|x86.ActiveCfg = Release|Any CPU
		{86EE8F7A-BB2E-4DA4-AE24-2CA1C3543CA8}.Release|x86.Build.0 = Release|Any CPU
		{35A87F50-944F-4F67-8C21-CCFA5ED40F43}.Debug|Any CPU.ActiveCfg = Debug|Any CPU
		{35A87F50-944F-4F67-8C21-CCFA5ED40F43}.Debug|Any CPU.Build.0 = Debug|Any CPU
		{35A87F50-944F-4F67-8C21-CCFA5ED40F43}.Debug|ARM.ActiveCfg = Debug|Any CPU
		{35A87F50-944F-4F67-8C21-CCFA5ED40F43}.Debug|ARM.Build.0 = Debug|Any CPU
		{35A87F50-944F-4F67-8C21-CCFA5ED40F43}.Debug|x64.ActiveCfg = Debug|Any CPU
		{35A87F50-944F-4F67-8C21-CCFA5ED40F43}.Debug|x64.Build.0 = Debug|Any CPU
		{35A87F50-944F-4F67-8C21-CCFA5ED40F43}.Debug|x86.ActiveCfg = Debug|Any CPU
		{35A87F50-944F-4F67-8C21-CCFA5ED40F43}.Debug|x86.Build.0 = Debug|Any CPU
		{35A87F50-944F-4F67-8C21-CCFA5ED40F43}.Release|Any CPU.ActiveCfg = Release|Any CPU
		{35A87F50-944F-4F67-8C21-CCFA5ED40F43}.Release|Any CPU.Build.0 = Release|Any CPU
		{35A87F50-944F-4F67-8C21-CCFA5ED40F43}.Release|ARM.ActiveCfg = Release|Any CPU
		{35A87F50-944F-4F67-8C21-CCFA5ED40F43}.Release|ARM.Build.0 = Release|Any CPU
		{35A87F50-944F-4F67-8C21-CCFA5ED40F43}.Release|x64.ActiveCfg = Release|Any CPU
		{35A87F50-944F-4F67-8C21-CCFA5ED40F43}.Release|x64.Build.0 = Release|Any CPU
		{35A87F50-944F-4F67-8C21-CCFA5ED40F43}.Release|x86.ActiveCfg = Release|Any CPU
		{35A87F50-944F-4F67-8C21-CCFA5ED40F43}.Release|x86.Build.0 = Release|Any CPU
		{06489080-ECBC-45B0-A9C9-E42A8E438112}.Debug|Any CPU.ActiveCfg = Debug|Any CPU
		{06489080-ECBC-45B0-A9C9-E42A8E438112}.Debug|Any CPU.Build.0 = Debug|Any CPU
		{06489080-ECBC-45B0-A9C9-E42A8E438112}.Debug|ARM.ActiveCfg = Debug|Any CPU
		{06489080-ECBC-45B0-A9C9-E42A8E438112}.Debug|ARM.Build.0 = Debug|Any CPU
		{06489080-ECBC-45B0-A9C9-E42A8E438112}.Debug|x64.ActiveCfg = Debug|Any CPU
		{06489080-ECBC-45B0-A9C9-E42A8E438112}.Debug|x64.Build.0 = Debug|Any CPU
		{06489080-ECBC-45B0-A9C9-E42A8E438112}.Debug|x86.ActiveCfg = Debug|Any CPU
		{06489080-ECBC-45B0-A9C9-E42A8E438112}.Debug|x86.Build.0 = Debug|Any CPU
		{06489080-ECBC-45B0-A9C9-E42A8E438112}.Release|Any CPU.ActiveCfg = Release|Any CPU
		{06489080-ECBC-45B0-A9C9-E42A8E438112}.Release|Any CPU.Build.0 = Release|Any CPU
		{06489080-ECBC-45B0-A9C9-E42A8E438112}.Release|ARM.ActiveCfg = Release|Any CPU
		{06489080-ECBC-45B0-A9C9-E42A8E438112}.Release|ARM.Build.0 = Release|Any CPU
		{06489080-ECBC-45B0-A9C9-E42A8E438112}.Release|x64.ActiveCfg = Release|Any CPU
		{06489080-ECBC-45B0-A9C9-E42A8E438112}.Release|x64.Build.0 = Release|Any CPU
		{06489080-ECBC-45B0-A9C9-E42A8E438112}.Release|x86.ActiveCfg = Release|Any CPU
		{06489080-ECBC-45B0-A9C9-E42A8E438112}.Release|x86.Build.0 = Release|Any CPU
		{BCBCC8FD-F917-4C60-A84B-EEA24B341145}.Debug|Any CPU.ActiveCfg = Debug|Any CPU
		{BCBCC8FD-F917-4C60-A84B-EEA24B341145}.Debug|Any CPU.Build.0 = Debug|Any CPU
		{BCBCC8FD-F917-4C60-A84B-EEA24B341145}.Debug|ARM.ActiveCfg = Debug|Any CPU
		{BCBCC8FD-F917-4C60-A84B-EEA24B341145}.Debug|ARM.Build.0 = Debug|Any CPU
		{BCBCC8FD-F917-4C60-A84B-EEA24B341145}.Debug|x64.ActiveCfg = Debug|Any CPU
		{BCBCC8FD-F917-4C60-A84B-EEA24B341145}.Debug|x64.Build.0 = Debug|Any CPU
		{BCBCC8FD-F917-4C60-A84B-EEA24B341145}.Debug|x86.ActiveCfg = Debug|Any CPU
		{BCBCC8FD-F917-4C60-A84B-EEA24B341145}.Debug|x86.Build.0 = Debug|Any CPU
		{BCBCC8FD-F917-4C60-A84B-EEA24B341145}.Release|Any CPU.ActiveCfg = Release|Any CPU
		{BCBCC8FD-F917-4C60-A84B-EEA24B341145}.Release|Any CPU.Build.0 = Release|Any CPU
		{BCBCC8FD-F917-4C60-A84B-EEA24B341145}.Release|ARM.ActiveCfg = Release|Any CPU
		{BCBCC8FD-F917-4C60-A84B-EEA24B341145}.Release|ARM.Build.0 = Release|Any CPU
		{BCBCC8FD-F917-4C60-A84B-EEA24B341145}.Release|x64.ActiveCfg = Release|Any CPU
		{BCBCC8FD-F917-4C60-A84B-EEA24B341145}.Release|x64.Build.0 = Release|Any CPU
		{BCBCC8FD-F917-4C60-A84B-EEA24B341145}.Release|x86.ActiveCfg = Release|Any CPU
		{BCBCC8FD-F917-4C60-A84B-EEA24B341145}.Release|x86.Build.0 = Release|Any CPU
		{699BDC41-AD71-4EFC-A695-1B048852BBEF}.Debug|Any CPU.ActiveCfg = Debug|Any CPU
		{699BDC41-AD71-4EFC-A695-1B048852BBEF}.Debug|Any CPU.Build.0 = Debug|Any CPU
		{699BDC41-AD71-4EFC-A695-1B048852BBEF}.Debug|ARM.ActiveCfg = Debug|Any CPU
		{699BDC41-AD71-4EFC-A695-1B048852BBEF}.Debug|ARM.Build.0 = Debug|Any CPU
		{699BDC41-AD71-4EFC-A695-1B048852BBEF}.Debug|x64.ActiveCfg = Debug|Any CPU
		{699BDC41-AD71-4EFC-A695-1B048852BBEF}.Debug|x64.Build.0 = Debug|Any CPU
		{699BDC41-AD71-4EFC-A695-1B048852BBEF}.Debug|x86.ActiveCfg = Debug|Any CPU
		{699BDC41-AD71-4EFC-A695-1B048852BBEF}.Debug|x86.Build.0 = Debug|Any CPU
		{699BDC41-AD71-4EFC-A695-1B048852BBEF}.Release|Any CPU.ActiveCfg = Release|Any CPU
		{699BDC41-AD71-4EFC-A695-1B048852BBEF}.Release|Any CPU.Build.0 = Release|Any CPU
		{699BDC41-AD71-4EFC-A695-1B048852BBEF}.Release|ARM.ActiveCfg = Release|Any CPU
		{699BDC41-AD71-4EFC-A695-1B048852BBEF}.Release|ARM.Build.0 = Release|Any CPU
		{699BDC41-AD71-4EFC-A695-1B048852BBEF}.Release|x64.ActiveCfg = Release|Any CPU
		{699BDC41-AD71-4EFC-A695-1B048852BBEF}.Release|x64.Build.0 = Release|Any CPU
		{699BDC41-AD71-4EFC-A695-1B048852BBEF}.Release|x86.ActiveCfg = Release|Any CPU
		{699BDC41-AD71-4EFC-A695-1B048852BBEF}.Release|x86.Build.0 = Release|Any CPU
	EndGlobalSection
	GlobalSection(SolutionProperties) = preSolution
		HideSolutionNode = FALSE
	EndGlobalSection
	GlobalSection(ExtensibilityGlobals) = postSolution
		SolutionGuid = {07F60490-1F3A-46BF-AE07-3429AF63033A}
	EndGlobalSection
EndGlobal
